
Microsoft Visual Studio Solution File, Format Version 12.00
# Visual Studio 15
VisualStudioVersion = 15.0.33403.129
MinimumVisualStudioVersion = 10.0.40219.1
Project("{FAE04EC0-301F-11D3-BF4B-00C04F79EFBC}") = "MP12_ColorImageSharpening", "MP12_ColorImageSharpening.csproj", "{B473D3EB-5A6B-4029-936D-A1A3D89F7820}"
EndProject
Global
	GlobalSection(SolutionConfigurationPlatforms) = preSolution
		Debug|Any CPU = Debug|Any CPU
		Release|Any CPU = Release|Any CPU
	EndGlobalSection
	GlobalSection(ProjectConfigurationPlatforms) = postSolution
		{B473D3EB-5A6B-4029-936D-A1A3D89F7820}.Debug|Any CPU.ActiveCfg = Debug|Any CPU
		{B473D3EB-5A6B-4029-936D-A1A3D89F7820}.Debug|Any CPU.Build.0 = Debug|Any CPU
		{B473D3EB-5A6B-4029-936D-A1A3D89F7820}.Release|Any CPU.ActiveCfg = Release|Any CPU
		{B473D3EB-5A6B-4029-936D-A1A3D89F7820}.Release|Any CPU.Build.0 = Release|Any CPU
	EndGlobalSection
	GlobalSection(SolutionProperties) = preSolution
		HideSolutionNode = FALSE
	EndGlobalSection
	GlobalSection(ExtensibilityGlobals) = postSolution
		SolutionGuid = {1154E633-9CE1-4E80-A502-A45D55440763}
	EndGlobalSection
EndGlobal
