
Microsoft Visual Studio Solution File, Format Version 12.00
# Visual Studio 15
VisualStudioVersion = 15.0.33026.149
MinimumVisualStudioVersion = 10.0.40219.1
Project("{FAE04EC0-301F-11D3-BF4B-00C04F79EFBC}") = "MP13_Segmentation", "MP13_Segmentation\MP13_Segmentation.csproj", "{8F716477-5BB6-4962-BCF1-F331354018DB}"
EndProject
Global
	GlobalSection(SolutionConfigurationPlatforms) = preSolution
		Debug|Any CPU = Debug|Any CPU
		Release|Any CPU = Release|Any CPU
	EndGlobalSection
	GlobalSection(ProjectConfigurationPlatforms) = postSolution
		{8F716477-5BB6-4962-BCF1-F331354018DB}.Debug|Any CPU.ActiveCfg = Debug|Any CPU
		{8F716477-5BB6-4962-BCF1-F331354018DB}.Debug|Any CPU.Build.0 = Debug|Any CPU
		{8F716477-5BB6-4962-BCF1-F331354018DB}.Release|Any CPU.ActiveCfg = Release|Any CPU
		{8F716477-5BB6-4962-BCF1-F331354018DB}.Release|Any CPU.Build.0 = Release|Any CPU
	EndGlobalSection
	GlobalSection(SolutionProperties) = preSolution
		HideSolutionNode = FALSE
	EndGlobalSection
	GlobalSection(ExtensibilityGlobals) = postSolution
		SolutionGuid = {881ECB76-D017-4709-A06B-947F15BFEACA}
	EndGlobalSection
EndGlobal
