
Microsoft Visual Studio Solution File, Format Version 12.00
# Visual Studio 15
VisualStudioVersion = 15.0.33026.149
MinimumVisualStudioVersion = 10.0.40219.1
Project("{FAE04EC0-301F-11D3-BF4B-00C04F79EFBC}") = "MP15_Edge_Detection_RGB", "MP15_Edge_Detection_RGB\MP15_Edge_Detection_RGB.csproj", "{FE6231AD-CCB1-4406-A6A9-E6699384C0EA}"
EndProject
Global
	GlobalSection(SolutionConfigurationPlatforms) = preSolution
		Debug|Any CPU = Debug|Any CPU
		Release|Any CPU = Release|Any CPU
	EndGlobalSection
	GlobalSection(ProjectConfigurationPlatforms) = postSolution
		{FE6231AD-CCB1-4406-A6A9-E6699384C0EA}.Debug|Any CPU.ActiveCfg = Debug|Any CPU
		{FE6231AD-CCB1-4406-A6A9-E6699384C0EA}.Debug|Any CPU.Build.0 = Debug|Any CPU
		{FE6231AD-CCB1-4406-A6A9-E6699384C0EA}.Release|Any CPU.ActiveCfg = Release|Any CPU
		{FE6231AD-CCB1-4406-A6A9-E6699384C0EA}.Release|Any CPU.Build.0 = Release|Any CPU
	EndGlobalSection
	GlobalSection(SolutionProperties) = preSolution
		HideSolutionNode = FALSE
	EndGlobalSection
	GlobalSection(ExtensibilityGlobals) = postSolution
		SolutionGuid = {F8356D98-15B5-4264-8BED-BF5E36E3AC8A}
	EndGlobalSection
EndGlobal
