
Microsoft Visual Studio Solution File, Format Version 12.00
# Visual Studio Version 17
VisualStudioVersion = 17.4.33213.308
MinimumVisualStudioVersion = 10.0.40219.1
Project("{FAE04EC0-301F-11D3-BF4B-00C04F79EFBC}") = "XLA_Project01", "XLA_Project01\XLA_Project01.csproj", "{D45F9B05-6F3B-4423-8F4D-EB10479C5182}"
EndProject
Global
	GlobalSection(SolutionConfigurationPlatforms) = preSolution
		Debug|Any CPU = Debug|Any CPU
		Release|Any CPU = Release|Any CPU
	EndGlobalSection
	GlobalSection(ProjectConfigurationPlatforms) = postSolution
		{D45F9B05-6F3B-4423-8F4D-EB10479C5182}.Debug|Any CPU.ActiveCfg = Debug|Any CPU
		{D45F9B05-6F3B-4423-8F4D-EB10479C5182}.Debug|Any CPU.Build.0 = Debug|Any CPU
		{D45F9B05-6F3B-4423-8F4D-EB10479C5182}.Release|Any CPU.ActiveCfg = Release|Any CPU
		{D45F9B05-6F3B-4423-8F4D-EB10479C5182}.Release|Any CPU.Build.0 = Release|Any CPU
	EndGlobalSection
	GlobalSection(SolutionProperties) = preSolution
		HideSolutionNode = FALSE
	EndGlobalSection
	GlobalSection(ExtensibilityGlobals) = postSolution
		SolutionGuid = {E8699808-558D-4C98-9496-BA777364E0C9}
	EndGlobalSection
EndGlobal
