
Microsoft Visual Studio Solution File, Format Version 12.00
# Visual Studio 15
VisualStudioVersion = 15.0.33026.149
MinimumVisualStudioVersion = 10.0.40219.1
Project("{FAE04EC0-301F-11D3-BF4B-00C04F79EFBC}") = "TGM_GRAYSCALE", "TGM_GRAYSCALE\TGM_GRAYSCALE.csproj", "{47465707-A5C7-494A-ACD0-E44AD9A3DE49}"
EndProject
Global
	GlobalSection(SolutionConfigurationPlatforms) = preSolution
		Debug|Any CPU = Debug|Any CPU
		Release|Any CPU = Release|Any CPU
	EndGlobalSection
	GlobalSection(ProjectConfigurationPlatforms) = postSolution
		{47465707-A5C7-494A-ACD0-E44AD9A3DE49}.Debug|Any CPU.ActiveCfg = Debug|Any CPU
		{47465707-A5C7-494A-ACD0-E44AD9A3DE49}.Debug|Any CPU.Build.0 = Debug|Any CPU
		{47465707-A5C7-494A-ACD0-E44AD9A3DE49}.Release|Any CPU.ActiveCfg = Release|Any CPU
		{47465707-A5C7-494A-ACD0-E44AD9A3DE49}.Release|Any CPU.Build.0 = Release|Any CPU
	EndGlobalSection
	GlobalSection(SolutionProperties) = preSolution
		HideSolutionNode = FALSE
	EndGlobalSection
	GlobalSection(ExtensibilityGlobals) = postSolution
		SolutionGuid = {51AA4319-4DBB-497D-8299-3673B9CBF120}
	EndGlobalSection
EndGlobal
