
Microsoft Visual Studio Solution File, Format Version 12.00
# Visual Studio 15
VisualStudioVersion = 15.0.33026.149
MinimumVisualStudioVersion = 10.0.40219.1
Project("{FAE04EC0-301F-11D3-BF4B-00C04F79EFBC}") = "MP6_CMYK", "MP6_CMYK\MP6_CMYK.csproj", "{192A0122-FEBA-431B-AD8D-D749ACB1E9C4}"
EndProject
Global
	GlobalSection(SolutionConfigurationPlatforms) = preSolution
		Debug|Any CPU = Debug|Any CPU
		Release|Any CPU = Release|Any CPU
	EndGlobalSection
	GlobalSection(ProjectConfigurationPlatforms) = postSolution
		{192A0122-FEBA-431B-AD8D-D749ACB1E9C4}.Debug|Any CPU.ActiveCfg = Debug|Any CPU
		{192A0122-FEBA-431B-AD8D-D749ACB1E9C4}.Debug|Any CPU.Build.0 = Debug|Any CPU
		{192A0122-FEBA-431B-AD8D-D749ACB1E9C4}.Release|Any CPU.ActiveCfg = Release|Any CPU
		{192A0122-FEBA-431B-AD8D-D749ACB1E9C4}.Release|Any CPU.Build.0 = Release|Any CPU
	EndGlobalSection
	GlobalSection(SolutionProperties) = preSolution
		HideSolutionNode = FALSE
	EndGlobalSection
	GlobalSection(ExtensibilityGlobals) = postSolution
		SolutionGuid = {1655ECE4-E7A0-4613-9F2C-C07ECE6EEF7A}
	EndGlobalSection
EndGlobal
