
Microsoft Visual Studio Solution File, Format Version 12.00
# Visual Studio Version 17
VisualStudioVersion = 17.4.33213.308
MinimumVisualStudioVersion = 10.0.40219.1
Project("{FAE04EC0-301F-11D3-BF4B-00C04F79EFBC}") = "Project05_VebieudoHistogram", "Project05_VebieudoHistogram\Project05_VebieudoHistogram.csproj", "{9F2E955C-AB86-4A58-A8AA-B4D2C75988DB}"
EndProject
Global
	GlobalSection(SolutionConfigurationPlatforms) = preSolution
		Debug|Any CPU = Debug|Any CPU
		Release|Any CPU = Release|Any CPU
	EndGlobalSection
	GlobalSection(ProjectConfigurationPlatforms) = postSolution
		{9F2E955C-AB86-4A58-A8AA-B4D2C75988DB}.Debug|Any CPU.ActiveCfg = Debug|Any CPU
		{9F2E955C-AB86-4A58-A8AA-B4D2C75988DB}.Debug|Any CPU.Build.0 = Debug|Any CPU
		{9F2E955C-AB86-4A58-A8AA-B4D2C75988DB}.Release|Any CPU.ActiveCfg = Release|Any CPU
		{9F2E955C-AB86-4A58-A8AA-B4D2C75988DB}.Release|Any CPU.Build.0 = Release|Any CPU
	EndGlobalSection
	GlobalSection(SolutionProperties) = preSolution
		HideSolutionNode = FALSE
	EndGlobalSection
	GlobalSection(ExtensibilityGlobals) = postSolution
		SolutionGuid = {B43CAB30-0FA1-4B5F-83BC-C962D402FFFF}
	EndGlobalSection
EndGlobal
